PODS:
  - Flutter (1.0.0)
  - integration_test (0.0.1):
    - Flutter
  - naver_login_sdk (0.0.1):
    - Flutter

DEPENDENCIES:
  - Flutter (from `Flutter`)
  - integration_test (from `.symlinks/plugins/integration_test/ios`)
  - naver_login_sdk (from `.symlinks/plugins/naver_login_sdk/ios`)

EXTERNAL SOURCES:
  Flutter:
    :path: Flutter
  integration_test:
    :path: ".symlinks/plugins/integration_test/ios"
  naver_login_sdk:
    :path: ".symlinks/plugins/naver_login_sdk/ios"

SPEC CHECKSUMS:
  Flutter: e0871f40cf51350855a761d2e70bf5af5b9b5de7
  integration_test: 252f60fa39af5e17c3aa9899d35d908a0721b573
  naver_login_sdk: 7e96c5b275fa3d1a12b1414c8234779354617b77

PODFILE CHECKSUM: 7be2f5f74864d463a8ad433546ed1de7e0f29aef

COCOAPODS: 1.16.2
